
Microsoft Visual Studio Solution File, Format Version 12.00
# Visual Studio Version 17
VisualStudioVersion = 17.2.32630.192
MinimumVisualStudioVersion = 10.0.40219.1
Project("{8BC9CEB8-8B4A-11D0-8D11-00A0C91BC942}") = "task_1", "task_1\task_1.vcxproj", "{8A6DD3C6-10BE-4E68-84DE-70FAFC78CF78}"
EndProject
Project("{8BC9CEB8-8B4A-11D0-8D11-00A0C91BC942}") = "task_2", "task_2\task_2.vcxproj", "{96143ACC-4893-4C41-8BF5-86A62D4F7F7E}"
EndProject
Global
	GlobalSection(SolutionConfigurationPlatforms) = preSolution
		Debug|x64 = Debug|x64
		Debug|x86 = Debug|x86
		Release|x64 = Release|x64
		Release|x86 = Release|x86
	EndGlobalSection
	GlobalSection(ProjectConfigurationPlatforms) = postSolution
		{8A6DD3C6-10BE-4E68-84DE-70FAFC78CF78}.Debug|x64.ActiveCfg = Debug|x64
		{8A6DD3C6-10BE-4E68-84DE-70FAFC78CF78}.Debug|x64.Build.0 = Debug|x64
		{8A6DD3C6-10BE-4E68-84DE-70FAFC78CF78}.Debug|x86.ActiveCfg = Debug|Win32
		{8A6DD3C6-10BE-4E68-84DE-70FAFC78CF78}.Debug|x86.Build.0 = Debug|Win32
		{8A6DD3C6-10BE-4E68-84DE-70FAFC78CF78}.Release|x64.ActiveCfg = Release|x64
		{8A6DD3C6-10BE-4E68-84DE-70FAFC78CF78}.Release|x64.Build.0 = Release|x64
		{8A6DD3C6-10BE-4E68-84DE-70FAFC78CF78}.Release|x86.ActiveCfg = Release|Win32
		{8A6DD3C6-10BE-4E68-84DE-70FAFC78CF78}.Release|x86.Build.0 = Release|Win32
		{96143ACC-4893-4C41-8BF5-86A62D4F7F7E}.Debug|x64.ActiveCfg = Debug|x64
		{96143ACC-4893-4C41-8BF5-86A62D4F7F7E}.Debug|x64.Build.0 = Debug|x64
		{96143ACC-4893-4C41-8BF5-86A62D4F7F7E}.Debug|x86.ActiveCfg = Debug|Win32
		{96143ACC-4893-4C41-8BF5-86A62D4F7F7E}.Debug|x86.Build.0 = Debug|Win32
		{96143ACC-4893-4C41-8BF5-86A62D4F7F7E}.Release|x64.ActiveCfg = Release|x64
		{96143ACC-4893-4C41-8BF5-86A62D4F7F7E}.Release|x64.Build.0 = Release|x64
		{96143ACC-4893-4C41-8BF5-86A62D4F7F7E}.Release|x86.ActiveCfg = Release|Win32
		{96143ACC-4893-4C41-8BF5-86A62D4F7F7E}.Release|x86.Build.0 = Release|Win32
	EndGlobalSection
	GlobalSection(SolutionProperties) = preSolution
		HideSolutionNode = FALSE
	EndGlobalSection
	GlobalSection(ExtensibilityGlobals) = postSolution
		SolutionGuid = {7614638D-925F-47FA-9A78-EEEB4A2E52DF}
	EndGlobalSection
EndGlobal
